{
    "_meta": {
        "hash": {
            "sha256": "037515437b27ab9ce854318c46855495cf80ea91bf1155c5fdd0cee4a3e1541e"
        },
        "pipfile-spec": 6,
        "requires": {},
        "sources": [
            {
                "name": "pypi",
                "url": "https://pypi.org/simple",
                "verify_ssl": true
            }
        ]
    },
    "default": {
        "aniso8601": {
            "hashes": [
                "sha256:25488f8663dd1528ae1f54f94ac1ea51ae25b4d531539b8bc707fed184d16845",
                "sha256:eb19717fd4e0db6de1aab06f12450ab92144246b257423fe020af5748c0cb89e"
            ],
            "version": "==10.0.1"
        },
        "bcrypt": {
            "hashes": [
                "sha256:0042b2e342e9ae3d2ed22727c1262f76cc4f345683b5c1715f0250cf4277294f",
                "sha256:0142b2cb84a009f8452c8c5a33ace5e3dfec4159e7735f5afe9a4d50a8ea722d",
                "sha256:08bacc884fd302b611226c01014eca277d48f0a05187666bca23aac0dad6fe24",
                "sha256:0d3efb1157edebfd9128e4e46e2ac1a64e0c1fe46fb023158a407c7892b0f8c3",
                "sha256:0e30e5e67aed0187a1764911af023043b4542e70a7461ad20e837e94d23e1d6c",
                "sha256:107d53b5c67e0bbc3f03ebf5b030e0403d24dda980f8e244795335ba7b4a027d",
                "sha256:12fa6ce40cde3f0b899729dbd7d5e8811cb892d31b6f7d0334a1f37748b789fd",
                "sha256:17a854d9a7a476a89dcef6c8bd119ad23e0f82557afbd2c442777a16408e614f",
                "sha256:191354ebfe305e84f344c5964c7cd5f924a3bfc5d405c75ad07f232b6dffb49f",
                "sha256:2ef6630e0ec01376f59a006dc72918b1bf436c3b571b80fa1968d775fa02fe7d",
                "sha256:3004df1b323d10021fda07a813fd33e0fd57bef0e9a480bb143877f6cba996fe",
                "sha256:335a420cfd63fc5bc27308e929bee231c15c85cc4c496610ffb17923abf7f231",
                "sha256:33752b1ba962ee793fa2b6321404bf20011fe45b9afd2a842139de3011898fef",
                "sha256:3a3fd2204178b6d2adcf09cb4f6426ffef54762577a7c9b54c159008cb288c18",
                "sha256:3b8d62290ebefd49ee0b3ce7500f5dbdcf13b81402c05f6dafab9a1e1b27212f",
                "sha256:3e36506d001e93bffe59754397572f21bb5dc7c83f54454c990c74a468cd589e",
                "sha256:41261d64150858eeb5ff43c753c4b216991e0ae16614a308a15d909503617732",
                "sha256:50e6e80a4bfd23a25f5c05b90167c19030cf9f87930f7cb2eacb99f45d1c3304",
                "sha256:531457e5c839d8caea9b589a1bcfe3756b0547d7814e9ce3d437f17da75c32b0",
                "sha256:55a935b8e9a1d2def0626c4269db3fcd26728cbff1e84f0341465c31c4ee56d8",
                "sha256:57967b7a28d855313a963aaea51bf6df89f833db4320da458e5b3c5ab6d4c938",
                "sha256:584027857bc2843772114717a7490a37f68da563b3620f78a849bcb54dc11e62",
                "sha256:59e1aa0e2cd871b08ca146ed08445038f42ff75968c7ae50d2fdd7860ade2180",
                "sha256:5bd3cca1f2aa5dbcf39e2aa13dd094ea181f48959e1071265de49cc2b82525af",
                "sha256:5c1949bf259a388863ced887c7861da1df681cb2388645766c89fdfd9004c669",
                "sha256:62f26585e8b219cdc909b6a0069efc5e4267e25d4a3770a364ac58024f62a761",
                "sha256:67a561c4d9fb9465ec866177e7aebcad08fe23aaf6fbd692a6fab69088abfc51",
                "sha256:6fb1fd3ab08c0cbc6826a2e0447610c6f09e983a281b919ed721ad32236b8b23",
                "sha256:74a8d21a09f5e025a9a23e7c0fd2c7fe8e7503e4d356c0a2c1486ba010619f09",
                "sha256:79e70b8342a33b52b55d93b3a59223a844962bef479f6a0ea318ebbcadf71505",
                "sha256:7a4be4cbf241afee43f1c3969b9103a41b40bcb3a3f467ab19f891d9bc4642e4",
                "sha256:7c03296b85cb87db865d91da79bf63d5609284fc0cab9472fdd8367bbd830753",
                "sha256:842d08d75d9fe9fb94b18b071090220697f9f184d4547179b60734846461ed59",
                "sha256:864f8f19adbe13b7de11ba15d85d4a428c7e2f344bac110f667676a0ff84924b",
                "sha256:97eea7408db3a5bcce4a55d13245ab3fa566e23b4c67cd227062bb49e26c585d",
                "sha256:a839320bf27d474e52ef8cb16449bb2ce0ba03ca9f44daba6d93fa1d8828e48a",
                "sha256:afe327968aaf13fc143a56a3360cb27d4ad0345e34da12c7290f1b00b8fe9a8b",
                "sha256:b4d4e57f0a63fd0b358eb765063ff661328f69a04494427265950c71b992a39a",
                "sha256:b6354d3760fcd31994a14c89659dee887f1351a06e5dac3c1142307172a79f90",
                "sha256:b693dbb82b3c27a1604a3dff5bfc5418a7e6a781bb795288141e5f80cf3a3492",
                "sha256:bdc6a24e754a555d7316fa4774e64c6c3997d27ed2d1964d55920c7c227bc4ce",
                "sha256:beeefe437218a65322fbd0069eb437e7c98137e08f22c4660ac2dc795c31f8bb",
                "sha256:c5eeac541cefd0bb887a371ef73c62c3cd78535e4887b310626036a7c0a817bb",
                "sha256:c950d682f0952bafcceaf709761da0a32a942272fad381081b51096ffa46cea1",
                "sha256:d9af79d322e735b1fc33404b5765108ae0ff232d4b54666d46730f8ac1a43676",
                "sha256:e53e074b120f2877a35cc6c736b8eb161377caae8925c17688bd46ba56daaa5b",
                "sha256:e965a9c1e9a393b8005031ff52583cedc15b7884fce7deb8b0346388837d6cfe",
                "sha256:f01e060f14b6b57bbb72fc5b4a83ac21c443c9a2ee708e04a10e9192f90a6281",
                "sha256:f1e3ffa1365e8702dc48c8b360fef8d7afeca482809c5e45e653af82ccd088c1",
                "sha256:f6746e6fec103fcd509b96bacdfdaa2fbde9a553245dbada284435173a6f1aef",
                "sha256:f81b0ed2639568bf14749112298f9e4e2b28853dab50a8b357e31798686a036d"
            ],
            "markers": "python_version >= '3.8'",
            "version": "==4.3.0"
        },
        "blinker": {
            "hashes": [
                "sha256:b4ce2265a7abece45e7cc896e98dbebe6cead56bcf805a3d23136d145f5445bf",
                "sha256:ba0efaa9080b619ff2f3459d1d500c57bddea4a6b424b60a91141db6fd2f08bc"
            ],
            "markers": "python_version >= '3.9'",
            "version": "==1.9.0"
        },
        "click": {
            "hashes": [
                "sha256:27c491cc05d968d271d5a1db13e3b5a184636d9d930f148c50b038f0d0646202",
                "sha256:61a3265b914e850b85317d0b3109c7f8cd35a670f963866005d6ef1d5175a12b"
            ],
            "markers": "python_version >= '3.10'",
            "version": "==8.2.1"
        },
        "dnspython": {
            "hashes": [
                "sha256:01d9bbc4a2d76bf0db7c1f729812ded6d912bd318d3b1cf81d30c0f845dbf3af",
                "sha256:181d3c6996452cb1189c4046c61599b84a5a86e099562ffde77d26984ff26d0f"
            ],
            "index": "pypi",
            "markers": "python_version >= '3.10'",
            "version": "==2.8.0"
        },
        "flask": {
            "hashes": [
                "sha256:bf656c15c80190ed628ad08cdfd3aaa35beb087855e2f494910aa3774cc4fd87",
                "sha256:ca1d8112ec8a6158cc29ea4858963350011b5c846a414cdb7a954aa9e967d03c"
            ],
            "index": "pypi",
            "markers": "python_version >= '3.9'",
            "version": "==3.1.2"
        },
        "flask-bcrypt": {
            "hashes": [
                "sha256:062fd991dc9118d05ac0583675507b9fe4670e44416c97e0e6819d03d01f808a",
                "sha256:f07b66b811417ea64eb188ae6455b0b708a793d966e1a80ceec4a23bc42a4369"
            ],
            "index": "pypi",
            "version": "==1.0.1"
        },
        "flask-cors": {
            "hashes": [
                "sha256:c7b2cbfb1a31aa0d2e5341eea03a6805349f7a61647daee1a15c46bbe981494c",
                "sha256:d81bcb31f07b0985be7f48406247e9243aced229b7747219160a0559edd678db"
            ],
            "index": "pypi",
            "markers": "python_version >= '3.9' and python_version < '4.0'",
            "version": "==6.0.1"
        },
        "flask-jwt-extended": {
            "hashes": [
                "sha256:52f35bf0985354d7fb7b876e2eb0e0b141aaff865a22ff6cc33d9a18aa987978",
                "sha256:8085d6757505b6f3291a2638c84d207e8f0ad0de662d1f46aa2f77e658a0c976"
            ],
            "index": "pypi",
            "markers": "python_version >= '3.9' and python_version < '4'",
            "version": "==4.7.1"
        },
        "flask-restful": {
            "hashes": [
                "sha256:1cf93c535172f112e080b0d4503a8d15f93a48c88bdd36dd87269bdaf405051b",
                "sha256:fe4af2ef0027df8f9b4f797aba20c5566801b6ade995ac63b588abf1a59cec37"
            ],
            "index": "pypi",
            "version": "==0.3.10"
        },
        "itsdangerous": {
            "hashes": [
                "sha256:c6242fc49e35958c8b15141343aa660db5fc54d4f13a1db01a3f5891b98700ef",
                "sha256:e0050c0b7da1eea53ffaf149c0cfbb5c6e2e2b69c4bef22c81fa6eb73e5f6173"
            ],
            "markers": "python_version >= '3.8'",
            "version": "==2.2.0"
        },
        "jinja2": {
            "hashes": [
                "sha256:0137fb05990d35f1275a587e9aee6d56da821fc83491a0fb838183be43f66d6d",
                "sha256:85ece4451f492d0c13c5dd7c13a64681a86afae63a5f347908daf103ce6d2f67"
            ],
            "markers": "python_version >= '3.7'",
            "version": "==3.1.6"
        },
        "markupsafe": {
            "hashes": [
                "sha256:0bff5e0ae4ef2e1ae4fdf2dfd5b76c75e5c2fa4132d05fc1b0dabcd20c7e28c4",
                "sha256:0f4ca02bea9a23221c0182836703cbf8930c5e9454bacce27e767509fa286a30",
                "sha256:1225beacc926f536dc82e45f8a4d68502949dc67eea90eab715dea3a21c1b5f0",
                "sha256:131a3c7689c85f5ad20f9f6fb1b866f402c445b220c19fe4308c0b147ccd2ad9",
                "sha256:15ab75ef81add55874e7ab7055e9c397312385bd9ced94920f2802310c930396",
                "sha256:1a9d3f5f0901fdec14d8d2f66ef7d035f2157240a433441719ac9a3fba440b13",
                "sha256:1c99d261bd2d5f6b59325c92c73df481e05e57f19837bdca8413b9eac4bd8028",
                "sha256:1e084f686b92e5b83186b07e8a17fc09e38fff551f3602b249881fec658d3eca",
                "sha256:2181e67807fc2fa785d0592dc2d6206c019b9502410671cc905d132a92866557",
                "sha256:2cb8438c3cbb25e220c2ab33bb226559e7afb3baec11c4f218ffa7308603c832",
                "sha256:3169b1eefae027567d1ce6ee7cae382c57fe26e82775f460f0b2778beaad66c0",
                "sha256:3809ede931876f5b2ec92eef964286840ed3540dadf803dd570c3b7e13141a3b",
                "sha256:38a9ef736c01fccdd6600705b09dc574584b89bea478200c5fbf112a6b0d5579",
                "sha256:3d79d162e7be8f996986c064d1c7c817f6df3a77fe3d6859f6f9e7be4b8c213a",
                "sha256:444dcda765c8a838eaae23112db52f1efaf750daddb2d9ca300bcae1039adc5c",
                "sha256:48032821bbdf20f5799ff537c7ac3d1fba0ba032cfc06194faffa8cda8b560ff",
                "sha256:4aa4e5faecf353ed117801a068ebab7b7e09ffb6e1d5e412dc852e0da018126c",
                "sha256:52305740fe773d09cffb16f8ed0427942901f00adedac82ec8b67752f58a1b22",
                "sha256:569511d3b58c8791ab4c2e1285575265991e6d8f8700c7be0e88f86cb0672094",
                "sha256:57cb5a3cf367aeb1d316576250f65edec5bb3be939e9247ae594b4bcbc317dfb",
                "sha256:5b02fb34468b6aaa40dfc198d813a641e3a63b98c2b05a16b9f80b7ec314185e",
                "sha256:6381026f158fdb7c72a168278597a5e3a5222e83ea18f543112b2662a9b699c5",
                "sha256:6af100e168aa82a50e186c82875a5893c5597a0c1ccdb0d8b40240b1f28b969a",
                "sha256:6c89876f41da747c8d3677a2b540fb32ef5715f97b66eeb0c6b66f5e3ef6f59d",
                "sha256:6e296a513ca3d94054c2c881cc913116e90fd030ad1c656b3869762b754f5f8a",
                "sha256:70a87b411535ccad5ef2f1df5136506a10775d267e197e4cf531ced10537bd6b",
                "sha256:7e94c425039cde14257288fd61dcfb01963e658efbc0ff54f5306b06054700f8",
                "sha256:846ade7b71e3536c4e56b386c2a47adf5741d2d8b94ec9dc3e92e5e1ee1e2225",
                "sha256:88416bd1e65dcea10bc7569faacb2c20ce071dd1f87539ca2ab364bf6231393c",
                "sha256:88b49a3b9ff31e19998750c38e030fc7bb937398b1f78cfa599aaef92d693144",
                "sha256:8c4e8c3ce11e1f92f6536ff07154f9d49677ebaaafc32db9db4620bc11ed480f",
                "sha256:8e06879fc22a25ca47312fbe7c8264eb0b662f6db27cb2d3bbbc74b1df4b9b87",
                "sha256:9025b4018f3a1314059769c7bf15441064b2207cb3f065e6ea1e7359cb46db9d",
                "sha256:93335ca3812df2f366e80509ae119189886b0f3c2b81325d39efdb84a1e2ae93",
                "sha256:9778bd8ab0a994ebf6f84c2b949e65736d5575320a17ae8984a77fab08db94cf",
                "sha256:9e2d922824181480953426608b81967de705c3cef4d1af983af849d7bd619158",
                "sha256:a123e330ef0853c6e822384873bef7507557d8e4a082961e1defa947aa59ba84",
                "sha256:a904af0a6162c73e3edcb969eeeb53a63ceeb5d8cf642fade7d39e7963a22ddb",
                "sha256:ad10d3ded218f1039f11a75f8091880239651b52e9bb592ca27de44eed242a48",
                "sha256:b424c77b206d63d500bcb69fa55ed8d0e6a3774056bdc4839fc9298a7edca171",
                "sha256:b5a6b3ada725cea8a5e634536b1b01c30bcdcd7f9c6fff4151548d5bf6b3a36c",
                "sha256:ba8062ed2cf21c07a9e295d5b8a2a5ce678b913b45fdf68c32d95d6c1291e0b6",
                "sha256:ba9527cdd4c926ed0760bc301f6728ef34d841f405abf9d4f959c478421e4efd",
                "sha256:bbcb445fa71794da8f178f0f6d66789a28d7319071af7a496d4d507ed566270d",
                "sha256:bcf3e58998965654fdaff38e58584d8937aa3096ab5354d493c77d1fdd66d7a1",
                "sha256:c0ef13eaeee5b615fb07c9a7dadb38eac06a0608b41570d8ade51c56539e509d",
                "sha256:cabc348d87e913db6ab4aa100f01b08f481097838bdddf7c7a84b7575b7309ca",
                "sha256:cdb82a876c47801bb54a690c5ae105a46b392ac6099881cdfb9f6e95e4014c6a",
                "sha256:cfad01eed2c2e0c01fd0ecd2ef42c492f7f93902e39a42fc9ee1692961443a29",
                "sha256:d16a81a06776313e817c951135cf7340a3e91e8c1ff2fac444cfd75fffa04afe",
                "sha256:d8213e09c917a951de9d09ecee036d5c7d36cb6cb7dbaece4c71a60d79fb9798",
                "sha256:e07c3764494e3776c602c1e78e298937c3315ccc9043ead7e685b7f2b8d47b3c",
                "sha256:e17c96c14e19278594aa4841ec148115f9c7615a47382ecb6b82bd8fea3ab0c8",
                "sha256:e444a31f8db13eb18ada366ab3cf45fd4b31e4db1236a4448f68778c1d1a5a2f",
                "sha256:e6a2a455bd412959b57a172ce6328d2dd1f01cb2135efda2e4576e8a23fa3b0f",
                "sha256:eaa0a10b7f72326f1372a713e73c3f739b524b3af41feb43e4921cb529f5929a",
                "sha256:eb7972a85c54febfb25b5c4b4f3af4dcc731994c7da0d8a0b4a6eb0640e1d178",
                "sha256:ee55d3edf80167e48ea11a923c7386f4669df67d7994554387f84e7d8b0a2bf0",
                "sha256:f3818cb119498c0678015754eba762e0d61e5b52d34c8b13d770f0719f7b1d79",
                "sha256:f8b3d067f2e40fe93e1ccdd6b2e1d16c43140e76f02fb1319a05cf2b79d99430",
                "sha256:fcabf5ff6eea076f859677f5f0b6b5c1a51e70a376b0579e0eadef8db48c6b50"
            ],
            "markers": "python_version >= '3.9'",
            "version": "==3.0.2"
        },
        "mongoengine": {
            "hashes": [
                "sha256:3b43abaf2d5f0b7d39efc2b7d9e78f4d4a5dc7ce92b9889ba81a5a9b8dee3cf3",
                "sha256:9302ec407dd60f47f62cc07684d9f6cac87f1e93283c54203851788104d33df4"
            ],
            "index": "pypi",
            "markers": "python_version >= '3.7'",
            "version": "==0.29.1"
        },
        "pyjwt": {
            "hashes": [
                "sha256:3cc5772eb20009233caf06e9d8a0577824723b44e6648ee0a2aedb6cf9381953",
                "sha256:dcdd193e30abefd5debf142f9adfcdd2b58004e644f25406ffaebd50bd98dacb"
            ],
            "markers": "python_version >= '3.9'",
            "version": "==2.10.1"
        },
        "pymongo": {
            "hashes": [
                "sha256:00774f378b354f3e50446f9b48d7c3a6361695d7b4adc156cc6970d6c6bed557",
                "sha256:010297ecaebded4d2d759e118319e3b9bdce9d371d00ca9f5e47a58a546748cc",
                "sha256:048e6520f0a5b0ddfc1c7af1e866ad3f0a7b1e8cfc7e32282d4b54a58db4adf8",
                "sha256:09fddba097c1a583fb828efd781ea3e0aa806e9a6b672ac8ecb0d8aeec305796",
                "sha256:0fb65c581df0996d90698a1c25bb75fb0ede8b1437da76b358bbd08ee1853776",
                "sha256:11cda43a209eb7eb2d3e6beb8fa4bab39264bde71929f064b6a45fc05e392de2",
                "sha256:176ce2c920a3ef588391f4f2f364bee607692f5dde9093b10f1d45dd4ff84341",
                "sha256:195f7fc52fe0f490d677dca5c6ef8d1cbcf68e2f0e42e3c59154fbc6b01342e8",
                "sha256:1d7f6a0a9b4300e5b854acb88c2014cfb29f98d1ceab3eaa80ca7694fb36443c",
                "sha256:20a08466c55294db29c2ca2c0fcdcf3f475161571b571804c2db61482eb4fdee",
                "sha256:2e88ce1f22db3ceb9d73e9d5cbf1286ad2136df1aeb7f6c6f77cc8cfcaee49fc",
                "sha256:2f178e865855d04cdd65db14990a685312d19e718c39fce5841a389105397d7f",
                "sha256:3781e7f3635c9322295d6f4bc47247c0bdf7d1b735b27ec501e4775a347f177a",
                "sha256:3d952327504f18d3b77b89c0af564740c74c6dbc7da6fddedb7f1d14282af86d",
                "sha256:413154d69cd2bccee5f7cc9af483c99bf37101e2e5e0ae9d494d5f1ff2bc5d2c",
                "sha256:430a6dc088355209e5755f77d85ddea2f1da0bb6123185952a573e7cf25a250a",
                "sha256:45b4e2f43b8e02f444f379ee4e0af8c9704eb8c92af4ae3f0140e1e7183dd911",
                "sha256:46c4d590195604ae1d14027b50ad387238e5776d87ba24d6d0c9bff5eca00379",
                "sha256:498971e16a15b6cd03b4b790603172d862c25efa60ac210980f3f68a59cd04a4",
                "sha256:4d77e199cb2eb52e1d2682fdbf6523ab899b6b2211e4486a3dbc1b7efd8c6133",
                "sha256:5169b10686b43bc1ac437ce8ba3447cccb91181c9d229813d94321b833229230",
                "sha256:530a0cbc1a008fa3218070f9b83e070daff0e7093570b3d819bff0a7b78f4a7c",
                "sha256:5ec4f54835c082fbd0a8463f70a12627e6bdae43117942efbc93fc48464737f8",
                "sha256:5fba0a2afc7f3084b77a762ffa117fe10f75becd845198c6c0476c23af133fb8",
                "sha256:614fc7625019b78b19f2e47fc78c2d66f8d266b57aaedcb8044d909b9a48b49c",
                "sha256:672367016424949ac60215d42970d3c6e9b71c580d33568f9afca1a93d7ce11f",
                "sha256:6a6ecc13da312e727a3e96e478496629ff4c58a7d7695a700bb27c048457b66a",
                "sha256:71bc5231581374e523ddf4f816821ae905749ded3a905f3d7e1d7ae582b45b28",
                "sha256:73933ce0e910236878c3d4620a57263f3010f89c1897b1fbbd0b58735aaa05d7",
                "sha256:753d74b1d21c912d39654a44ef9d8f09ffda92587e5555ab861459c0beebd9df",
                "sha256:7e3dcd9bcb818d5be66c3709bba163829e269a5a5395ee5bb2bb1bf1f8dd6225",
                "sha256:81d9e193fe1fe7fa5fbcad9f6b661139ff51fc04a6eaaf5de8a9ad875cdb0e5e",
                "sha256:831fca32b5e374942329ea30e5a99e645574df9659167aaf66b9be4bdce2bb68",
                "sha256:958aa856a7b53084623a9e01e5f64969cab387461ca99b79a6137283cf413a2a",
                "sha256:995b3d2c4363290d63a31d3629911137af37bd37292c6141b7f27f367f07852d",
                "sha256:a9e8618fa198ea1081385dc85d024989f80ca3a6b7dded5b37ff62464fac4b6b",
                "sha256:ac66f739747b938af5c10a3b7f66cba162703ba34748e91d9e8570e91be6f70f",
                "sha256:b17e4c3fa9538d818bdf68ea1d24c148d2e662e36381eb2b9620036a1dd13352",
                "sha256:b2f13893f0d4e9b5c0e9f63f4538479a904d3d97f0907ea1b6f83bf1bc9b1f84",
                "sha256:b63bef3ee09380e8305ee7cd9add29715aaeaa3797aee60aaca6334a9fc6e018",
                "sha256:b7280b19fbaf7dbf0b7efa6bd9f29ef3db0eb845558bb5be2a4e4f673c23cc63",
                "sha256:b9ff919fb4d59f8bc78c7a237e35a6b070574dab9e63e4801398bf49af74a025",
                "sha256:bd29cf389258f1c3a4409ab0197977ce92c346d4f3ae63b899834076dd890497",
                "sha256:bd4a7360dd37e983712fe032eea71e6d59cdfb86e4e171a38425bd0570fef0af",
                "sha256:bdaf7fff3ae012ce365b4c1e50e671cf3f8625c5173a293b10f1ff54554e8b84",
                "sha256:bf49cf9be05aeea81d1cd74f028bf6dad4d3028524a8534f7c62b29acf25bc86",
                "sha256:c07e88e3470455702aeaac872c8c801c1c0aecb9ac6e8ce2b8d1c6650386cd07",
                "sha256:c83f4b65394e5f752c1fd976e5880801e7749efe34f14a18204ad2ccf095ba19",
                "sha256:c8f128b0f6fbebd6e752a921c33cc3e2bda48027efd481cefc8932b2ffd87367",
                "sha256:ce5563232c675fe09bc9f0b249e55008d184d9c1c04c6a15715a515601c2d988",
                "sha256:d3c62d63270955a5b90e096ef822ff26b07b9e36ad7cd3203a40a26e11acfc76",
                "sha256:d4641611ca16b48d442fb450e802547ebb1c85022c808f71823ef92cb2e3b3d8",
                "sha256:d59b232b24c2d99d31b0182521236d8855f7e2c24e324cdfaad1ec8c231d9f72",
                "sha256:e084bb5a28a1a4887096806ed1d09faedece86098e5bb34ea425326e04393a1d",
                "sha256:e37e8b77187aca6b0e3a7bdf8260635d1adc7f6fa3cd2c41a99d3af3e640cda5",
                "sha256:e544a4881f44d4a820002540902e31a3e6f2b913d8c1acda8a667a12879c870e",
                "sha256:ec783ff522ef364b38d0a529c959ec16035b6a9404d979de0cac1d9e44df2ebc",
                "sha256:f639d91f375f11cb54cc235f61641be207a506e2a4261d3422e219da19079b11",
                "sha256:f646f1d5235ccdb9f58b7bc6d12ec15bbd4275ec993b3623e065d85b21d60ab5",
                "sha256:f7946cf573f6a2bd9a5e022092007d2fca6832ff2ec865de46347970e3b6cf77",
                "sha256:f800fc43edf3767ad42764d8eb5af94bfa71a066beb50e99592116c37cdca44e",
                "sha256:f926eca9ae3d4d5ba61c47ec6782b4cb97579350fd674a92973a50c40e997af0",
                "sha256:f9a2d4c01d80fd3186c91fb91d4c9dcd3e7b7e09e093fb958c1b723ccdbf7165"
            ],
            "index": "pypi",
            "markers": "python_version >= '3.9'",
            "version": "==4.15.0"
        },
        "python-dotenv": {
            "hashes": [
                "sha256:31f23644fe2602f88ff55e1f5c79ba497e01224ee7737937930c448e4d0e24dc",
                "sha256:a8a6399716257f45be6a007360200409fce5cda2661e3dec71d23dc15f6189ab"
            ],
            "index": "pypi",
            "markers": "python_version >= '3.9'",
            "version": "==1.1.1"
        },
        "pytz": {
            "hashes": [
                "sha256:360b9e3dbb49a209c21ad61809c7fb453643e048b38924c765813546746e81c3",
                "sha256:5ddf76296dd8c44c26eb8f4b6f35488f3ccbf6fbbd7adee0b7262d43f0ec2f00"
            ],
            "version": "==2025.2"
        },
        "six": {
            "hashes": [
                "sha256:4721f391ed90541fddacab5acf947aa0d3dc7d27b2e1e8eda2be8970586c3274",
                "sha256:ff70335d468e7eb6ec65b95b99d3a2836546063f63acc5171de367e834932a81"
            ],
            "markers": "python_version >= '2.7' and python_version not in '3.0, 3.1, 3.2'",
            "version": "==1.17.0"
        },
        "werkzeug": {
            "hashes": [
                "sha256:54b78bf3716d19a65be4fceccc0d1d7b89e608834989dfae50ea87564639213e",
                "sha256:60723ce945c19328679790e3282cc758aa4a6040e4bb330f53d30fa546d44746"
            ],
            "markers": "python_version >= '3.9'",
            "version": "==3.1.3"
        }
    },
    "develop": {}
}
